
Microsoft Visual Studio Solution File, Format Version 12.00
# Visual Studio Version 17
VisualStudioVersion = 17.3.32929.385
MinimumVisualStudioVersion = 10.0.40219.1
Project("{2150E333-8FDC-42A3-9474-1A3956D46DE8}") = "src", "src", "{4E1460A8-1506-4A9E-A53C-9EC914615E91}"
EndProject
Project("{9A19103F-16F7-4668-BE54-9A1E7A4F7556}") = "Git.Essentials.Sync", "src\Git.Essentials.Sync\Git.Essentials.Sync.csproj", "{50BF7086-C541-4568-BFA9-75D1863C2405}"
EndProject
Project("{9A19103F-16F7-4668-BE54-9A1E7A4F7556}") = "Git.Essentials.Util", "src\Git.Essentials.Util\Git.Essentials.Util.csproj", "{CDDF9F3F-55E4-4925-87F2-DC0E1E6E029E}"
EndProject
Project("{9A19103F-16F7-4668-BE54-9A1E7A4F7556}") = "Git.Essentials.Util.Tests", "tests\Git.Essentials.Util.Tests\Git.Essentials.Util.Tests.csproj", "{9CE42D6A-BE08-48E2-846F-2DB68D26CAAC}"
EndProject
Project("{2150E333-8FDC-42A3-9474-1A3956D46DE8}") = "tests", "tests", "{C92E8895-3C5D-43CE-BE60-0E648131B9F7}"
EndProject
Project("{2150E333-8FDC-42A3-9474-1A3956D46DE8}") = "project", "project", "{6AC378E5-C623-4385-83EA-442C7DA41B2A}"
	ProjectSection(SolutionItems) = preProject
		.gitattributes = .gitattributes
		.gitignore = .gitignore
		README.md = README.md
		LICENSE.txt = LICENSE.txt
	EndProjectSection
EndProject
Global
	GlobalSection(SolutionConfigurationPlatforms) = preSolution
		Debug|Any CPU = Debug|Any CPU
		Release|Any CPU = Release|Any CPU
	EndGlobalSection
	GlobalSection(ProjectConfigurationPlatforms) = postSolution
		{50BF7086-C541-4568-BFA9-75D1863C2405}.Debug|Any CPU.ActiveCfg = Debug|Any CPU
		{50BF7086-C541-4568-BFA9-75D1863C2405}.Debug|Any CPU.Build.0 = Debug|Any CPU
		{50BF7086-C541-4568-BFA9-75D1863C2405}.Release|Any CPU.ActiveCfg = Release|Any CPU
		{50BF7086-C541-4568-BFA9-75D1863C2405}.Release|Any CPU.Build.0 = Release|Any CPU
		{CDDF9F3F-55E4-4925-87F2-DC0E1E6E029E}.Debug|Any CPU.ActiveCfg = Debug|Any CPU
		{CDDF9F3F-55E4-4925-87F2-DC0E1E6E029E}.Debug|Any CPU.Build.0 = Debug|Any CPU
		{CDDF9F3F-55E4-4925-87F2-DC0E1E6E029E}.Release|Any CPU.ActiveCfg = Release|Any CPU
		{CDDF9F3F-55E4-4925-87F2-DC0E1E6E029E}.Release|Any CPU.Build.0 = Release|Any CPU
		{9CE42D6A-BE08-48E2-846F-2DB68D26CAAC}.Debug|Any CPU.ActiveCfg = Debug|Any CPU
		{9CE42D6A-BE08-48E2-846F-2DB68D26CAAC}.Debug|Any CPU.Build.0 = Debug|Any CPU
		{9CE42D6A-BE08-48E2-846F-2DB68D26CAAC}.Release|Any CPU.ActiveCfg = Release|Any CPU
		{9CE42D6A-BE08-48E2-846F-2DB68D26CAAC}.Release|Any CPU.Build.0 = Release|Any CPU
	EndGlobalSection
	GlobalSection(SolutionProperties) = preSolution
		HideSolutionNode = FALSE
	EndGlobalSection
	GlobalSection(NestedProjects) = preSolution
		{50BF7086-C541-4568-BFA9-75D1863C2405} = {4E1460A8-1506-4A9E-A53C-9EC914615E91}
		{CDDF9F3F-55E4-4925-87F2-DC0E1E6E029E} = {4E1460A8-1506-4A9E-A53C-9EC914615E91}
		{9CE42D6A-BE08-48E2-846F-2DB68D26CAAC} = {C92E8895-3C5D-43CE-BE60-0E648131B9F7}
	EndGlobalSection
	GlobalSection(ExtensibilityGlobals) = postSolution
		SolutionGuid = {E040FDC6-2FE5-4697-A97A-4AF76DA07ACD}
	EndGlobalSection
EndGlobal
